
Microsoft Visual Studio Solution File, Format Version 12.00
# Visual Studio 15
VisualStudioVersion = 15.0.28307.645
MinimumVisualStudioVersion = 10.0.40219.1
Project("{FAE04EC0-301F-11D3-BF4B-00C04F79EFBC}") = "MySqlDemo", "MySqlDemo\MySqlDemo.csproj", "{9E3AFA64-32A7-44E8-A95E-5C8FC786D14E}"
EndProject
Project("{FAE04EC0-301F-11D3-BF4B-00C04F79EFBC}") = "DemoModels", "DemoModels\DemoModels.csproj", "{46A97B94-0082-4A35-987C-38AAEC9E393B}"
EndProject
Global
	GlobalSection(SolutionConfigurationPlatforms) = preSolution
		Debug|Any CPU = Debug|Any CPU
		Release|Any CPU = Release|Any CPU
	EndGlobalSection
	GlobalSection(ProjectConfigurationPlatforms) = postSolution
		{9E3AFA64-32A7-44E8-A95E-5C8FC786D14E}.Debug|Any CPU.ActiveCfg = Debug|Any CPU
		{9E3AFA64-32A7-44E8-A95E-5C8FC786D14E}.Debug|Any CPU.Build.0 = Debug|Any CPU
		{9E3AFA64-32A7-44E8-A95E-5C8FC786D14E}.Release|Any CPU.ActiveCfg = Release|Any CPU
		{9E3AFA64-32A7-44E8-A95E-5C8FC786D14E}.Release|Any CPU.Build.0 = Release|Any CPU
		{46A97B94-0082-4A35-987C-38AAEC9E393B}.Debug|Any CPU.ActiveCfg = Debug|Any CPU
		{46A97B94-0082-4A35-987C-38AAEC9E393B}.Debug|Any CPU.Build.0 = Debug|Any CPU
		{46A97B94-0082-4A35-987C-38AAEC9E393B}.Release|Any CPU.ActiveCfg = Release|Any CPU
		{46A97B94-0082-4A35-987C-38AAEC9E393B}.Release|Any CPU.Build.0 = Release|Any CPU
	EndGlobalSection
	GlobalSection(SolutionProperties) = preSolution
		HideSolutionNode = FALSE
	EndGlobalSection
	GlobalSection(ExtensibilityGlobals) = postSolution
		SolutionGuid = {C5F647AF-70DA-4FAD-A164-E1F0376B23DE}
	EndGlobalSection
EndGlobal
